
Microsoft Visual Studio Solution File, Format Version 12.00
# Visual Studio 2012
Project("{8BC9CEB8-8B4A-11D0-8D11-00A0C91BC942}") = "IO2016_WOMEN", "IO2016_WOMEN\IO2016_WOMEN.vcxproj", "{718333DA-14DC-4C66-B2B4-20DDC0304B64}"
EndProject
Global
	GlobalSection(SolutionConfigurationPlatforms) = preSolution
		Debug|Win32 = Debug|Win32
		Release|Win32 = Release|Win32
	EndGlobalSection
	GlobalSection(ProjectConfigurationPlatforms) = postSolution
		{718333DA-14DC-4C66-B2B4-20DDC0304B64}.Debug|Win32.ActiveCfg = Debug|Win32
		{718333DA-14DC-4C66-B2B4-20DDC0304B64}.Debug|Win32.Build.0 = Debug|Win32
		{718333DA-14DC-4C66-B2B4-20DDC0304B64}.Release|Win32.ActiveCfg = Release|Win32
		{718333DA-14DC-4C66-B2B4-20DDC0304B64}.Release|Win32.Build.0 = Release|Win32
	EndGlobalSection
	GlobalSection(SolutionProperties) = preSolution
		HideSolutionNode = FALSE
	EndGlobalSection
EndGlobal
