<?xml version="1.0" encoding="utf-8"?>
<Project ToolsVersion="4.0" xmlns="http://schemas.microsoft.com/developer/msbuild/2003">
  <ItemGroup>
    <Filter Include="源文件">
      <UniqueIdentifier>{4FC737F1-C7A5-4376-A066-2A32D752A2FF}</UniqueIdentifier>
      <Extensions>cpp;c;cc;cxx;def;odl;idl;hpj;bat;asm;asmx</Extensions>
    </Filter>
    <Filter Include="头文件">
      <UniqueIdentifier>{93995380-89BD-4b04-88EB-625FBE52EBFB}</UniqueIdentifier>
      <Extensions>h;hpp;hxx;hm;inl;inc;xsd</Extensions>
    </Filter>
    <Filter Include="资源文件">
      <UniqueIdentifier>{67DA6AB6-F800-4c08-8B7A-83BB121AAD01}</UniqueIdentifier>
      <Extensions>rc;ico;cur;bmp;dlg;rc2;rct;bin;rgs;gif;jpg;jpeg;jpe;resx;tiff;tif;png;wav;mfcribbon-ms</Extensions>
    </Filter>
  </ItemGroup>
  <ItemGroup>
    <ClInclude Include="top.h">
      <Filter>头文件</Filter>
    </ClInclude>
  </ItemGroup>
  <ItemGroup>
    <ClCompile Include="main.cpp">
      <Filter>源文件</Filter>
    </ClCompile>
    <ClCompile Include="var_define.cpp">
      <Filter>源文件</Filter>
    </ClCompile>
    <ClCompile Include="course_schedule_207.cpp">
      <Filter>源文件</Filter>
    </ClCompile>
    <ClCompile Include="word_search_II_212.cpp">
      <Filter>源文件</Filter>
    </ClCompile>
    <ClCompile Include="ugly_num_II_264.cpp">
      <Filter>源文件</Filter>
    </ClCompile>
    <ClCompile Include="maximum_gap_164.cpp">
      <Filter>源文件</Filter>
    </ClCompile>
    <ClCompile Include="dungeon_game_174.cpp">
      <Filter>源文件</Filter>
    </ClCompile>
    <ClCompile Include="LRU_cache_146.cpp">
      <Filter>源文件</Filter>
    </ClCompile>
    <ClCompile Include="word_break_139.cpp">
      <Filter>源文件</Filter>
    </ClCompile>
    <ClCompile Include="copy_list_with_random_pointer_138.cpp">
      <Filter>源文件</Filter>
    </ClCompile>
    <ClCompile Include="word_ladder_127.cpp">
      <Filter>源文件</Filter>
    </ClCompile>
    <ClCompile Include="flatten_binary_tree_to_linked_list_114.cpp">
      <Filter>源文件</Filter>
    </ClCompile>
    <ClCompile Include="subset_II_90.cpp">
      <Filter>源文件</Filter>
    </ClCompile>
    <ClCompile Include="add_binary_67.cpp">
      <Filter>源文件</Filter>
    </ClCompile>
    <ClCompile Include="restore_ip_address_93.cpp">
      <Filter>源文件</Filter>
    </ClCompile>
    <ClCompile Include="divide_two_integers_29.cpp">
      <Filter>源文件</Filter>
    </ClCompile>
    <ClCompile Include="3sum_closest_16.cpp">
      <Filter>源文件</Filter>
    </ClCompile>
    <ClCompile Include="reverse_node_i_kgroup_25.cpp">
      <Filter>源文件</Filter>
    </ClCompile>
    <ClCompile Include="wildcard_matching_44.cpp">
      <Filter>源文件</Filter>
    </ClCompile>
  </ItemGroup>
</Project>